// !$*UTF8*$!
{
	archiveVersion = 1;
	classes = {
	};
	objectVersion = 56;
	objects = {

/* Begin PBXBuildFile section */
		C739E9A12AFFC9FD000DA484 /* AppDelegate.swift in Sources */ = {isa = PBXBuildFile; fileRef = C739E9A02AFFC9FD000DA484 /* AppDelegate.swift */; };
		C739E9A32AFFC9FD000DA484 /* SceneDelegate.swift in Sources */ = {isa = PBXBuildFile; fileRef = C739E9A22AFFC9FD000DA484 /* SceneDelegate.swift */; };
		C739E9A82AFFC9FD000DA484 /* Main.storyboard in Resources */ = {isa = PBXBuildFile; fileRef = C739E9A62AFFC9FD000DA484 /* Main.storyboard */; };
		C739E9AA2AFFCA00000DA484 /* Assets.xcassets in Resources */ = {isa = PBXBuildFile; fileRef = C739E9A92AFFCA00000DA484 /* Assets.xcassets */; };
		C739E9AD2AFFCA00000DA484 /* LaunchScreen.storyboard in Resources */ = {isa = PBXBuildFile; fileRef = C739E9AB2AFFCA00000DA484 /* LaunchScreen.storyboard */; };
		C739E9B52AFFCA50000DA484 /* GoogleService-Info.plist in Resources */ = {isa = PBXBuildFile; fileRef = C739E9B42AFFCA50000DA484 /* GoogleService-Info.plist */; };
		C739E9B82AFFCCA3000DA484 /* FirebaseAuth in Frameworks */ = {isa = PBXBuildFile; productRef = C739E9B72AFFCCA3000DA484 /* FirebaseAuth */; };
		C739E9BA2AFFCCA3000DA484 /* FirebaseAuthCombine-Community in Frameworks */ = {isa = PBXBuildFile; productRef = C739E9B92AFFCCA3000DA484 /* FirebaseAuthCombine-Community */; };
		C739E9BC2AFFCCA3000DA484 /* FirebaseCrashlytics in Frameworks */ = {isa = PBXBuildFile; productRef = C739E9BB2AFFCCA3000DA484 /* FirebaseCrashlytics */; };
		C739E9BE2AFFCCA3000DA484 /* FirebaseDatabase in Frameworks */ = {isa = PBXBuildFile; productRef = C739E9BD2AFFCCA3000DA484 /* FirebaseDatabase */; };
		C739E9C02AFFCCA3000DA484 /* FirebaseDatabaseSwift in Frameworks */ = {isa = PBXBuildFile; productRef = C739E9BF2AFFCCA3000DA484 /* FirebaseDatabaseSwift */; };
		C739E9C22AFFCCA3000DA484 /* FirebaseFirestore in Frameworks */ = {isa = PBXBuildFile; productRef = C739E9C12AFFCCA3000DA484 /* FirebaseFirestore */; };
		C739E9C42AFFCCA3000DA484 /* FirebaseFirestoreCombine-Community in Frameworks */ = {isa = PBXBuildFile; productRef = C739E9C32AFFCCA3000DA484 /* FirebaseFirestoreCombine-Community */; };
		C739E9C62AFFCCA3000DA484 /* FirebaseFirestoreSwift in Frameworks */ = {isa = PBXBuildFile; productRef = C739E9C52AFFCCA3000DA484 /* FirebaseFirestoreSwift */; };
		C739E9C82AFFCCA3000DA484 /* FirebaseStorage in Frameworks */ = {isa = PBXBuildFile; productRef = C739E9C72AFFCCA3000DA484 /* FirebaseStorage */; };
		C739E9CA2AFFCCA3000DA484 /* FirebaseStorageCombine-Community in Frameworks */ = {isa = PBXBuildFile; productRef = C739E9C92AFFCCA3000DA484 /* FirebaseStorageCombine-Community */; };
		C739E9CF2B011D71000DA484 /* LoginVC.swift in Sources */ = {isa = PBXBuildFile; fileRef = C739E9CE2B011D71000DA484 /* LoginVC.swift */; };
		C739E9D12B011DAB000DA484 /* RegistrationVC.swift in Sources */ = {isa = PBXBuildFile; fileRef = C739E9D02B011DAB000DA484 /* RegistrationVC.swift */; };
		C7BA36222B024DDF0020BC47 /* TasksTVC.swift in Sources */ = {isa = PBXBuildFile; fileRef = C7BA36212B024DDF0020BC47 /* TasksTVC.swift */; };
		C7BA36282B0261D10020BC47 /* User.swift in Sources */ = {isa = PBXBuildFile; fileRef = C7BA36272B0261D10020BC47 /* User.swift */; };
		C7BA362A2B0261DD0020BC47 /* Task.swift in Sources */ = {isa = PBXBuildFile; fileRef = C7BA36292B0261DD0020BC47 /* Task.swift */; };
/* End PBXBuildFile section */

/* Begin PBXFileReference section */
		C739E99D2AFFC9FD000DA484 /* FirebaseApp.app */ = {isa = PBXFileReference; explicitFileType = wrapper.application; includeInIndex = 0; path = FirebaseApp.app; sourceTree = BUILT_PRODUCTS_DIR; };
		C739E9A02AFFC9FD000DA484 /* AppDelegate.swift */ = {isa = PBXFileReference; lastKnownFileType = sourcecode.swift; path = AppDelegate.swift; sourceTree = "<group>"; };
		C739E9A22AFFC9FD000DA484 /* SceneDelegate.swift */ = {isa = PBXFileReference; lastKnownFileType = sourcecode.swift; path = SceneDelegate.swift; sourceTree = "<group>"; };
		C739E9A72AFFC9FD000DA484 /* Base */ = {isa = PBXFileReference; lastKnownFileType = file.storyboard; name = Base; path = Base.lproj/Main.storyboard; sourceTree = "<group>"; };
		C739E9A92AFFCA00000DA484 /* Assets.xcassets */ = {isa = PBXFileReference; lastKnownFileType = folder.assetcatalog; path = Assets.xcassets; sourceTree = "<group>"; };
		C739E9AC2AFFCA00000DA484 /* Base */ = {isa = PBXFileReference; lastKnownFileType = file.storyboard; name = Base; path = Base.lproj/LaunchScreen.storyboard; sourceTree = "<group>"; };
		C739E9AE2AFFCA00000DA484 /* Info.plist */ = {isa = PBXFileReference; lastKnownFileType = text.plist.xml; path = Info.plist; sourceTree = "<group>"; };
		C739E9B42AFFCA50000DA484 /* GoogleService-Info.plist */ = {isa = PBXFileReference; fileEncoding = 4; lastKnownFileType = text.plist.xml; path = "GoogleService-Info.plist"; sourceTree = "<group>"; };
		C739E9CE2B011D71000DA484 /* LoginVC.swift */ = {isa = PBXFileReference; lastKnownFileType = sourcecode.swift; path = LoginVC.swift; sourceTree = "<group>"; };
		C739E9D02B011DAB000DA484 /* RegistrationVC.swift */ = {isa = PBXFileReference; lastKnownFileType = sourcecode.swift; path = RegistrationVC.swift; sourceTree = "<group>"; };
		C7BA36212B024DDF0020BC47 /* TasksTVC.swift */ = {isa = PBXFileReference; lastKnownFileType = sourcecode.swift; path = TasksTVC.swift; sourceTree = "<group>"; };
		C7BA36272B0261D10020BC47 /* User.swift */ = {isa = PBXFileReference; lastKnownFileType = sourcecode.swift; path = User.swift; sourceTree = "<group>"; };
		C7BA36292B0261DD0020BC47 /* Task.swift */ = {isa = PBXFileReference; lastKnownFileType = sourcecode.swift; path = Task.swift; sourceTree = "<group>"; };
/* End PBXFileReference section */

/* Begin PBXFrameworksBuildPhase section */
		C739E99A2AFFC9FD000DA484 /* Frameworks */ = {
			isa = PBXFrameworksBuildPhase;
			buildActionMask = 2147483647;
			files = (
				C739E9C02AFFCCA3000DA484 /* FirebaseDatabaseSwift in Frameworks */,
				C739E9BC2AFFCCA3000DA484 /* FirebaseCrashlytics in Frameworks */,
				C739E9CA2AFFCCA3000DA484 /* FirebaseStorageCombine-Community in Frameworks */,
				C739E9C82AFFCCA3000DA484 /* FirebaseStorage in Frameworks */,
				C739E9B82AFFCCA3000DA484 /* FirebaseAuth in Frameworks */,
				C739E9BE2AFFCCA3000DA484 /* FirebaseDatabase in Frameworks */,
				C739E9BA2AFFCCA3000DA484 /* FirebaseAuthCombine-Community in Frameworks */,
				C739E9C22AFFCCA3000DA484 /* FirebaseFirestore in Frameworks */,
				C739E9C42AFFCCA3000DA484 /* FirebaseFirestoreCombine-Community in Frameworks */,
				C739E9C62AFFCCA3000DA484 /* FirebaseFirestoreSwift in Frameworks */,
			);
			runOnlyForDeploymentPostprocessing = 0;
		};
/* End PBXFrameworksBuildPhase section */

/* Begin PBXGroup section */
		C739E9942AFFC9FD000DA484 = {
			isa = PBXGroup;
			children = (
				C739E99F2AFFC9FD000DA484 /* FirebaseApp */,
				C739E99E2AFFC9FD000DA484 /* Products */,
			);
			sourceTree = "<group>";
		};
		C739E99E2AFFC9FD000DA484 /* Products */ = {
			isa = PBXGroup;
			children = (
				C739E99D2AFFC9FD000DA484 /* FirebaseApp.app */,
			);
			name = Products;
			sourceTree = "<group>";
		};
		C739E99F2AFFC9FD000DA484 /* FirebaseApp */ = {
			isa = PBXGroup;
			children = (
				C7BA36262B0261BE0020BC47 /* Models */,
				C739E9CD2B011D4A000DA484 /* Controllers */,
				C739E9CC2B01184C000DA484 /* Views */,
				C739E9A92AFFCA00000DA484 /* Assets.xcassets */,
				C739E9CB2B011837000DA484 /* App */,
				C739E9AE2AFFCA00000DA484 /* Info.plist */,
				C739E9B42AFFCA50000DA484 /* GoogleService-Info.plist */,
			);
			path = FirebaseApp;
			sourceTree = "<group>";
		};
		C739E9CB2B011837000DA484 /* App */ = {
			isa = PBXGroup;
			children = (
				C739E9A02AFFC9FD000DA484 /* AppDelegate.swift */,
				C739E9A22AFFC9FD000DA484 /* SceneDelegate.swift */,
			);
			path = App;
			sourceTree = "<group>";
		};
		C739E9CC2B01184C000DA484 /* Views */ = {
			isa = PBXGroup;
			children = (
				C739E9A62AFFC9FD000DA484 /* Main.storyboard */,
				C739E9AB2AFFCA00000DA484 /* LaunchScreen.storyboard */,
			);
			path = Views;
			sourceTree = "<group>";
		};
		C739E9CD2B011D4A000DA484 /* Controllers */ = {
			isa = PBXGroup;
			children = (
				C739E9CE2B011D71000DA484 /* LoginVC.swift */,
				C739E9D02B011DAB000DA484 /* RegistrationVC.swift */,
				C7BA36212B024DDF0020BC47 /* TasksTVC.swift */,
			);
			path = Controllers;
			sourceTree = "<group>";
		};
		C7BA36262B0261BE0020BC47 /* Models */ = {
			isa = PBXGroup;
			children = (
				C7BA36272B0261D10020BC47 /* User.swift */,
				C7BA36292B0261DD0020BC47 /* Task.swift */,
			);
			path = Models;
			sourceTree = "<group>";
		};
/* End PBXGroup section */

/* Begin PBXNativeTarget section */
		C739E99C2AFFC9FD000DA484 /* FirebaseApp */ = {
			isa = PBXNativeTarget;
			buildConfigurationList = C739E9B12AFFCA00000DA484 /* Build configuration list for PBXNativeTarget "FirebaseApp" */;
			buildPhases = (
				C739E9992AFFC9FD000DA484 /* Sources */,
				C739E99A2AFFC9FD000DA484 /* Frameworks */,
				C739E99B2AFFC9FD000DA484 /* Resources */,
			);
			buildRules = (
			);
			dependencies = (
			);
			name = FirebaseApp;
			packageProductDependencies = (
				C739E9B72AFFCCA3000DA484 /* FirebaseAuth */,
				C739E9B92AFFCCA3000DA484 /* FirebaseAuthCombine-Community */,
				C739E9BB2AFFCCA3000DA484 /* FirebaseCrashlytics */,
				C739E9BD2AFFCCA3000DA484 /* FirebaseDatabase */,
				C739E9BF2AFFCCA3000DA484 /* FirebaseDatabaseSwift */,
				C739E9C12AFFCCA3000DA484 /* FirebaseFirestore */,
				C739E9C32AFFCCA3000DA484 /* FirebaseFirestoreCombine-Community */,
				C739E9C52AFFCCA3000DA484 /* FirebaseFirestoreSwift */,
				C739E9C72AFFCCA3000DA484 /* FirebaseStorage */,
				C739E9C92AFFCCA3000DA484 /* FirebaseStorageCombine-Community */,
			);
			productName = FirebaseApp;
			productReference = C739E99D2AFFC9FD000DA484 /* FirebaseApp.app */;
			productType = "com.apple.product-type.application";
		};
/* End PBXNativeTarget section */

/* Begin PBXProject section */
		C739E9952AFFC9FD000DA484 /* Project object */ = {
			isa = PBXProject;
			attributes = {
				BuildIndependentTargetsInParallel = 1;
				LastSwiftUpdateCheck = 1420;
				LastUpgradeCheck = 1420;
				TargetAttributes = {
					C739E99C2AFFC9FD000DA484 = {
						CreatedOnToolsVersion = 14.2;
					};
				};
			};
			buildConfigurationList = C739E9982AFFC9FD000DA484 /* Build configuration list for PBXProject "FirebaseApp" */;
			compatibilityVersion = "Xcode 14.0";
			developmentRegion = en;
			hasScannedForEncodings = 0;
			knownRegions = (
				en,
				Base,
			);
			mainGroup = C739E9942AFFC9FD000DA484;
			packageReferences = (
				C739E9B62AFFCCA3000DA484 /* XCRemoteSwiftPackageReference "firebase-ios-sdk" */,
			);
			productRefGroup = C739E99E2AFFC9FD000DA484 /* Products */;
			projectDirPath = "";
			projectRoot = "";
			targets = (
				C739E99C2AFFC9FD000DA484 /* FirebaseApp */,
			);
		};
/* End PBXProject section */

/* Begin PBXResourcesBuildPhase section */
		C739E99B2AFFC9FD000DA484 /* Resources */ = {
			isa = PBXResourcesBuildPhase;
			buildActionMask = 2147483647;
			files = (
				C739E9AD2AFFCA00000DA484 /* LaunchScreen.storyboard in Resources */,
				C739E9B52AFFCA50000DA484 /* GoogleService-Info.plist in Resources */,
				C739E9AA2AFFCA00000DA484 /* Assets.xcassets in Resources */,
				C739E9A82AFFC9FD000DA484 /* Main.storyboard in Resources */,
			);
			runOnlyForDeploymentPostprocessing = 0;
		};
/* End PBXResourcesBuildPhase section */

/* Begin PBXSourcesBuildPhase section */
		C739E9992AFFC9FD000DA484 /* Sources */ = {
			isa = PBXSourcesBuildPhase;
			buildActionMask = 2147483647;
			files = (
				C739E9A12AFFC9FD000DA484 /* AppDelegate.swift in Sources */,
				C739E9A32AFFC9FD000DA484 /* SceneDelegate.swift in Sources */,
				C7BA36282B0261D10020BC47 /* User.swift in Sources */,
				C739E9CF2B011D71000DA484 /* LoginVC.swift in Sources */,
				C7BA36222B024DDF0020BC47 /* TasksTVC.swift in Sources */,
				C7BA362A2B0261DD0020BC47 /* Task.swift in Sources */,
				C739E9D12B011DAB000DA484 /* RegistrationVC.swift in Sources */,
			);
			runOnlyForDeploymentPostprocessing = 0;
		};
/* End PBXSourcesBuildPhase section */

/* Begin PBXVariantGroup section */
		C739E9A62AFFC9FD000DA484 /* Main.storyboard */ = {
			isa = PBXVariantGroup;
			children = (
				C739E9A72AFFC9FD000DA484 /* Base */,
			);
			name = Main.storyboard;
			sourceTree = "<group>";
		};
		C739E9AB2AFFCA00000DA484 /* LaunchScreen.storyboard */ = {
			isa = PBXVariantGroup;
			children = (
				C739E9AC2AFFCA00000DA484 /* Base */,
			);
			name = LaunchScreen.storyboard;
			sourceTree = "<group>";
		};
/* End PBXVariantGroup section */

/* Begin XCBuildConfiguration section */
		C739E9AF2AFFCA00000DA484 /* Debug */ = {
			isa = XCBuildConfiguration;
			buildSettings = {
				ALWAYS_SEARCH_USER_PATHS = NO;
				CLANG_ANALYZER_NONNULL = YES;
				CLANG_ANALYZER_NUMBER_OBJECT_CONVERSION = YES_AGGRESSIVE;
				CLANG_CXX_LANGUAGE_STANDARD = "gnu++20";
				CLANG_ENABLE_MODULES = YES;
				CLANG_ENABLE_OBJC_ARC = YES;
				CLANG_ENABLE_OBJC_WEAK = YES;
				CLANG_WARN_BLOCK_CAPTURE_AUTORELEASING = YES;
				CLANG_WARN_BOOL_CONVERSION = YES;
				CLANG_WARN_COMMA = YES;
				CLANG_WARN_CONSTANT_CONVERSION = YES;
				CLANG_WARN_DEPRECATED_OBJC_IMPLEMENTATIONS = YES;
				CLANG_WARN_DIRECT_OBJC_ISA_USAGE = YES_ERROR;
				CLANG_WARN_DOCUMENTATION_COMMENTS = YES;
				CLANG_WARN_EMPTY_BODY = YES;
				CLANG_WARN_ENUM_CONVERSION = YES;
				CLANG_WARN_INFINITE_RECURSION = YES;
				CLANG_WARN_INT_CONVERSION = YES;
				CLANG_WARN_NON_LITERAL_NULL_CONVERSION = YES;
				CLANG_WARN_OBJC_IMPLICIT_RETAIN_SELF = YES;
				CLANG_WARN_OBJC_LITERAL_CONVERSION = YES;
				CLANG_WARN_OBJC_ROOT_CLASS = YES_ERROR;
				CLANG_WARN_QUOTED_INCLUDE_IN_FRAMEWORK_HEADER = YES;
				CLANG_WARN_RANGE_LOOP_ANALYSIS = YES;
				CLANG_WARN_STRICT_PROTOTYPES = YES;
				CLANG_WARN_SUSPICIOUS_MOVE = YES;
				CLANG_WARN_UNGUARDED_AVAILABILITY = YES_AGGRESSIVE;
				CLANG_WARN_UNREACHABLE_CODE = YES;
				CLANG_WARN__DUPLICATE_METHOD_MATCH = YES;
				COPY_PHASE_STRIP = NO;
				DEBUG_INFORMATION_FORMAT = dwarf;
				ENABLE_STRICT_OBJC_MSGSEND = YES;
				ENABLE_TESTABILITY = YES;
				GCC_C_LANGUAGE_STANDARD = gnu11;
				GCC_DYNAMIC_NO_PIC = NO;
				GCC_NO_COMMON_BLOCKS = YES;
				GCC_OPTIMIZATION_LEVEL = 0;
				GCC_PREPROCESSOR_DEFINITIONS = (
					"DEBUG=1",
					"$(inherited)",
				);
				GCC_WARN_64_TO_32_BIT_CONVERSION = YES;
				GCC_WARN_ABOUT_RETURN_TYPE = YES_ERROR;
				GCC_WARN_UNDECLARED_SELECTOR = YES;
				GCC_WARN_UNINITIALIZED_AUTOS = YES_AGGRESSIVE;
				GCC_WARN_UNUSED_FUNCTION = YES;
				GCC_WARN_UNUSED_VARIABLE = YES;
				IPHONEOS_DEPLOYMENT_TARGET = 16.2;
				MTL_ENABLE_DEBUG_INFO = INCLUDE_SOURCE;
				MTL_FAST_MATH = YES;
				ONLY_ACTIVE_ARCH = YES;
				SDKROOT = iphoneos;
				SWIFT_ACTIVE_COMPILATION_CONDITIONS = DEBUG;
				SWIFT_OPTIMIZATION_LEVEL = "-Onone";
			};
			name = Debug;
		};
		C739E9B02AFFCA00000DA484 /* Release */ = {
			isa = XCBuildConfiguration;
			buildSettings = {
				ALWAYS_SEARCH_USER_PATHS = NO;
				CLANG_ANALYZER_NONNULL = YES;
				CLANG_ANALYZER_NUMBER_OBJECT_CONVERSION = YES_AGGRESSIVE;
				CLANG_CXX_LANGUAGE_STANDARD = "gnu++20";
				CLANG_ENABLE_MODULES = YES;
				CLANG_ENABLE_OBJC_ARC = YES;
				CLANG_ENABLE_OBJC_WEAK = YES;
				CLANG_WARN_BLOCK_CAPTURE_AUTORELEASING = YES;
				CLANG_WARN_BOOL_CONVERSION = YES;
				CLANG_WARN_COMMA = YES;
				CLANG_WARN_CONSTANT_CONVERSION = YES;
				CLANG_WARN_DEPRECATED_OBJC_IMPLEMENTATIONS = YES;
				CLANG_WARN_DIRECT_OBJC_ISA_USAGE = YES_ERROR;
				CLANG_WARN_DOCUMENTATION_COMMENTS = YES;
				CLANG_WARN_EMPTY_BODY = YES;
				CLANG_WARN_ENUM_CONVERSION = YES;
				CLANG_WARN_INFINITE_RECURSION = YES;
				CLANG_WARN_INT_CONVERSION = YES;
				CLANG_WARN_NON_LITERAL_NULL_CONVERSION = YES;
				CLANG_WARN_OBJC_IMPLICIT_RETAIN_SELF = YES;
				CLANG_WARN_OBJC_LITERAL_CONVERSION = YES;
				CLANG_WARN_OBJC_ROOT_CLASS = YES_ERROR;
				CLANG_WARN_QUOTED_INCLUDE_IN_FRAMEWORK_HEADER = YES;
				CLANG_WARN_RANGE_LOOP_ANALYSIS = YES;
				CLANG_WARN_STRICT_PROTOTYPES = YES;
				CLANG_WARN_SUSPICIOUS_MOVE = YES;
				CLANG_WARN_UNGUARDED_AVAILABILITY = YES_AGGRESSIVE;
				CLANG_WARN_UNREACHABLE_CODE = YES;
				CLANG_WARN__DUPLICATE_METHOD_MATCH = YES;
				COPY_PHASE_STRIP = NO;
				DEBUG_INFORMATION_FORMAT = "dwarf-with-dsym";
				ENABLE_NS_ASSERTIONS = NO;
				ENABLE_STRICT_OBJC_MSGSEND = YES;
				GCC_C_LANGUAGE_STANDARD = gnu11;
				GCC_NO_COMMON_BLOCKS = YES;
				GCC_WARN_64_TO_32_BIT_CONVERSION = YES;
				GCC_WARN_ABOUT_RETURN_TYPE = YES_ERROR;
				GCC_WARN_UNDECLARED_SELECTOR = YES;
				GCC_WARN_UNINITIALIZED_AUTOS = YES_AGGRESSIVE;
				GCC_WARN_UNUSED_FUNCTION = YES;
				GCC_WARN_UNUSED_VARIABLE = YES;
				IPHONEOS_DEPLOYMENT_TARGET = 16.2;
				MTL_ENABLE_DEBUG_INFO = NO;
				MTL_FAST_MATH = YES;
				SDKROOT = iphoneos;
				SWIFT_COMPILATION_MODE = wholemodule;
				SWIFT_OPTIMIZATION_LEVEL = "-O";
				VALIDATE_PRODUCT = YES;
			};
			name = Release;
		};
		C739E9B22AFFCA00000DA484 /* Debug */ = {
			isa = XCBuildConfiguration;
			buildSettings = {
				ASSETCATALOG_COMPILER_APPICON_NAME = AppIcon;
				ASSETCATALOG_COMPILER_GLOBAL_ACCENT_COLOR_NAME = AccentColor;
				CODE_SIGN_STYLE = Automatic;
				CURRENT_PROJECT_VERSION = 1;
				DEVELOPMENT_TEAM = 3M52ZV2NZ3;
				GENERATE_INFOPLIST_FILE = YES;
				INFOPLIST_FILE = FirebaseApp/Info.plist;
				INFOPLIST_KEY_UIApplicationSupportsIndirectInputEvents = YES;
				INFOPLIST_KEY_UILaunchStoryboardName = LaunchScreen;
				INFOPLIST_KEY_UIMainStoryboardFile = Main;
				INFOPLIST_KEY_UISupportedInterfaceOrientations_iPad = "UIInterfaceOrientationPortrait UIInterfaceOrientationPortraitUpsideDown UIInterfaceOrientationLandscapeLeft UIInterfaceOrientationLandscapeRight";
				INFOPLIST_KEY_UISupportedInterfaceOrientations_iPhone = "UIInterfaceOrientationPortrait UIInterfaceOrientationLandscapeLeft UIInterfaceOrientationLandscapeRight";
				LD_RUNPATH_SEARCH_PATHS = (
					"$(inherited)",
					"@executable_path/Frameworks",
				);
				MARKETING_VERSION = 1.0;
				PRODUCT_BUNDLE_IDENTIFIER = by.company.FirebaseApp;
				PRODUCT_NAME = "$(TARGET_NAME)";
				SWIFT_EMIT_LOC_STRINGS = YES;
				SWIFT_VERSION = 5.0;
				TARGETED_DEVICE_FAMILY = "1,2";
			};
			name = Debug;
		};
		C739E9B32AFFCA00000DA484 /* Release */ = {
			isa = XCBuildConfiguration;
			buildSettings = {
				ASSETCATALOG_COMPILER_APPICON_NAME = AppIcon;
				ASSETCATALOG_COMPILER_GLOBAL_ACCENT_COLOR_NAME = AccentColor;
				CODE_SIGN_STYLE = Automatic;
				CURRENT_PROJECT_VERSION = 1;
				DEVELOPMENT_TEAM = 3M52ZV2NZ3;
				GENERATE_INFOPLIST_FILE = YES;
				INFOPLIST_FILE = FirebaseApp/Info.plist;
				INFOPLIST_KEY_UIApplicationSupportsIndirectInputEvents = YES;
				INFOPLIST_KEY_UILaunchStoryboardName = LaunchScreen;
				INFOPLIST_KEY_UIMainStoryboardFile = Main;
				INFOPLIST_KEY_UISupportedInterfaceOrientations_iPad = "UIInterfaceOrientationPortrait UIInterfaceOrientationPortraitUpsideDown UIInterfaceOrientationLandscapeLeft UIInterfaceOrientationLandscapeRight";
				INFOPLIST_KEY_UISupportedInterfaceOrientations_iPhone = "UIInterfaceOrientationPortrait UIInterfaceOrientationLandscapeLeft UIInterfaceOrientationLandscapeRight";
				LD_RUNPATH_SEARCH_PATHS = (
					"$(inherited)",
					"@executable_path/Frameworks",
				);
				MARKETING_VERSION = 1.0;
				PRODUCT_BUNDLE_IDENTIFIER = by.company.FirebaseApp;
				PRODUCT_NAME = "$(TARGET_NAME)";
				SWIFT_EMIT_LOC_STRINGS = YES;
				SWIFT_VERSION = 5.0;
				TARGETED_DEVICE_FAMILY = "1,2";
			};
			name = Release;
		};
/* End XCBuildConfiguration section */

/* Begin XCConfigurationList section */
		C739E9982AFFC9FD000DA484 /* Build configuration list for PBXProject "FirebaseApp" */ = {
			isa = XCConfigurationList;
			buildConfigurations = (
				C739E9AF2AFFCA00000DA484 /* Debug */,
				C739E9B02AFFCA00000DA484 /* Release */,
			);
			defaultConfigurationIsVisible = 0;
			defaultConfigurationName = Release;
		};
		C739E9B12AFFCA00000DA484 /* Build configuration list for PBXNativeTarget "FirebaseApp" */ = {
			isa = XCConfigurationList;
			buildConfigurations = (
				C739E9B22AFFCA00000DA484 /* Debug */,
				C739E9B32AFFCA00000DA484 /* Release */,
			);
			defaultConfigurationIsVisible = 0;
			defaultConfigurationName = Release;
		};
/* End XCConfigurationList section */

/* Begin XCRemoteSwiftPackageReference section */
		C739E9B62AFFCCA3000DA484 /* XCRemoteSwiftPackageReference "firebase-ios-sdk" */ = {
			isa = XCRemoteSwiftPackageReference;
			repositoryURL = "https://github.com/firebase/firebase-ios-sdk";
			requirement = {
				kind = upToNextMajorVersion;
				minimumVersion = 10.17.0;
			};
		};
/* End XCRemoteSwiftPackageReference section */

/* Begin XCSwiftPackageProductDependency section */
		C739E9B72AFFCCA3000DA484 /* FirebaseAuth */ = {
			isa = XCSwiftPackageProductDependency;
			package = C739E9B62AFFCCA3000DA484 /* XCRemoteSwiftPackageReference "firebase-ios-sdk" */;
			productName = FirebaseAuth;
		};
		C739E9B92AFFCCA3000DA484 /* FirebaseAuthCombine-Community */ = {
			isa = XCSwiftPackageProductDependency;
			package = C739E9B62AFFCCA3000DA484 /* XCRemoteSwiftPackageReference "firebase-ios-sdk" */;
			productName = "FirebaseAuthCombine-Community";
		};
		C739E9BB2AFFCCA3000DA484 /* FirebaseCrashlytics */ = {
			isa = XCSwiftPackageProductDependency;
			package = C739E9B62AFFCCA3000DA484 /* XCRemoteSwiftPackageReference "firebase-ios-sdk" */;
			productName = FirebaseCrashlytics;
		};
		C739E9BD2AFFCCA3000DA484 /* FirebaseDatabase */ = {
			isa = XCSwiftPackageProductDependency;
			package = C739E9B62AFFCCA3000DA484 /* XCRemoteSwiftPackageReference "firebase-ios-sdk" */;
			productName = FirebaseDatabase;
		};
		C739E9BF2AFFCCA3000DA484 /* FirebaseDatabaseSwift */ = {
			isa = XCSwiftPackageProductDependency;
			package = C739E9B62AFFCCA3000DA484 /* XCRemoteSwiftPackageReference "firebase-ios-sdk" */;
			productName = FirebaseDatabaseSwift;
		};
		C739E9C12AFFCCA3000DA484 /* FirebaseFirestore */ = {
			isa = XCSwiftPackageProductDependency;
			package = C739E9B62AFFCCA3000DA484 /* XCRemoteSwiftPackageReference "firebase-ios-sdk" */;
			productName = FirebaseFirestore;
		};
		C739E9C32AFFCCA3000DA484 /* FirebaseFirestoreCombine-Community */ = {
			isa = XCSwiftPackageProductDependency;
			package = C739E9B62AFFCCA3000DA484 /* XCRemoteSwiftPackageReference "firebase-ios-sdk" */;
			productName = "FirebaseFirestoreCombine-Community";
		};
		C739E9C52AFFCCA3000DA484 /* FirebaseFirestoreSwift */ = {
			isa = XCSwiftPackageProductDependency;
			package = C739E9B62AFFCCA3000DA484 /* XCRemoteSwiftPackageReference "firebase-ios-sdk" */;
			productName = FirebaseFirestoreSwift;
		};
		C739E9C72AFFCCA3000DA484 /* FirebaseStorage */ = {
			isa = XCSwiftPackageProductDependency;
			package = C739E9B62AFFCCA3000DA484 /* XCRemoteSwiftPackageReference "firebase-ios-sdk" */;
			productName = FirebaseStorage;
		};
		C739E9C92AFFCCA3000DA484 /* FirebaseStorageCombine-Community */ = {
			isa = XCSwiftPackageProductDependency;
			package = C739E9B62AFFCCA3000DA484 /* XCRemoteSwiftPackageReference "firebase-ios-sdk" */;
			productName = "FirebaseStorageCombine-Community";
		};
/* End XCSwiftPackageProductDependency section */
	};
	rootObject = C739E9952AFFC9FD000DA484 /* Project object */;
}
